
Microsoft Visual Studio Solution File, Format Version 12.00
# Visual Studio Version 17
VisualStudioVersion = 17.9.34902.65
MinimumVisualStudioVersion = 10.0.40219.1
Project("{2150E333-8FDC-42A3-9474-1A3956D46DE8}") = "src", "src", "{6342DEC1-4B23-418B-838D-20A8DEB1AD32}"
EndProject
Project("{2150E333-8FDC-42A3-9474-1A3956D46DE8}") = "Api", "Api", "{F6E11BB0-61F2-4AF1-8895-861132560631}"
EndProject
Project("{2150E333-8FDC-42A3-9474-1A3956D46DE8}") = "Core", "Core", "{5CA50DC3-838D-4926-9A4B-CAF4785A255C}"
EndProject
Project("{2150E333-8FDC-42A3-9474-1A3956D46DE8}") = "Infrastructure", "Infrastructure", "{4F8ADADC-B486-4CEE-9F7A-A1A465FACB09}"
EndProject
Project("{2150E333-8FDC-42A3-9474-1A3956D46DE8}") = "UI", "UI", "{9DD7E6DC-A1B8-479F-8F08-DC03601317F8}"
EndProject
Project("{FAE04EC0-301F-11D3-BF4B-00C04F79EFBC}") = "GlobalTicket.TicketManagement.Domain", "GlobalTicket.TicketManagement.Domain\GlobalTicket.TicketManagement.Domain.csproj", "{23853B14-6B2F-4677-8D2A-EAB87E75F329}"
EndProject
Project("{FAE04EC0-301F-11D3-BF4B-00C04F79EFBC}") = "GlobalTicket.TicketManagement.Application", "GlobalTicket.TicketManagement.Application\GlobalTicket.TicketManagement.Application.csproj", "{43A149FC-59D0-4FF5-9A6D-FC49CC91405B}"
EndProject
Global
	GlobalSection(SolutionConfigurationPlatforms) = preSolution
		Debug|Any CPU = Debug|Any CPU
		Release|Any CPU = Release|Any CPU
	EndGlobalSection
	GlobalSection(ProjectConfigurationPlatforms) = postSolution
		{23853B14-6B2F-4677-8D2A-EAB87E75F329}.Debug|Any CPU.ActiveCfg = Debug|Any CPU
		{23853B14-6B2F-4677-8D2A-EAB87E75F329}.Debug|Any CPU.Build.0 = Debug|Any CPU
		{23853B14-6B2F-4677-8D2A-EAB87E75F329}.Release|Any CPU.ActiveCfg = Release|Any CPU
		{23853B14-6B2F-4677-8D2A-EAB87E75F329}.Release|Any CPU.Build.0 = Release|Any CPU
		{43A149FC-59D0-4FF5-9A6D-FC49CC91405B}.Debug|Any CPU.ActiveCfg = Debug|Any CPU
		{43A149FC-59D0-4FF5-9A6D-FC49CC91405B}.Debug|Any CPU.Build.0 = Debug|Any CPU
		{43A149FC-59D0-4FF5-9A6D-FC49CC91405B}.Release|Any CPU.ActiveCfg = Release|Any CPU
		{43A149FC-59D0-4FF5-9A6D-FC49CC91405B}.Release|Any CPU.Build.0 = Release|Any CPU
	EndGlobalSection
	GlobalSection(SolutionProperties) = preSolution
		HideSolutionNode = FALSE
	EndGlobalSection
	GlobalSection(NestedProjects) = preSolution
		{F6E11BB0-61F2-4AF1-8895-861132560631} = {6342DEC1-4B23-418B-838D-20A8DEB1AD32}
		{5CA50DC3-838D-4926-9A4B-CAF4785A255C} = {6342DEC1-4B23-418B-838D-20A8DEB1AD32}
		{4F8ADADC-B486-4CEE-9F7A-A1A465FACB09} = {6342DEC1-4B23-418B-838D-20A8DEB1AD32}
		{9DD7E6DC-A1B8-479F-8F08-DC03601317F8} = {4F8ADADC-B486-4CEE-9F7A-A1A465FACB09}
		{23853B14-6B2F-4677-8D2A-EAB87E75F329} = {5CA50DC3-838D-4926-9A4B-CAF4785A255C}
		{43A149FC-59D0-4FF5-9A6D-FC49CC91405B} = {5CA50DC3-838D-4926-9A4B-CAF4785A255C}
	EndGlobalSection
	GlobalSection(ExtensibilityGlobals) = postSolution
		SolutionGuid = {6BAC0B26-1AC6-4466-8AB6-AF2304CB74D6}
	EndGlobalSection
EndGlobal
